// !$*UTF8*$!
{
	archiveVersion = 1;
	classes = {
	};
	objectVersion = 55;
	objects = {

/* Begin PBXBuildFile section */
		280CAA4A28FAA1E800F7E936 /* AppDelegate.swift in Sources */ = {isa = PBXBuildFile; fileRef = 280CAA4928FAA1E800F7E936 /* AppDelegate.swift */; };
		280CAA4C28FAA1E800F7E936 /* SceneDelegate.swift in Sources */ = {isa = PBXBuildFile; fileRef = 280CAA4B28FAA1E800F7E936 /* SceneDelegate.swift */; };
		280CAA4E28FAA1E800F7E936 /* HomeViewController.swift in Sources */ = {isa = PBXBuildFile; fileRef = 280CAA4D28FAA1E800F7E936 /* HomeViewController.swift */; };
		280CAA5428FAA1E800F7E936 /* Crypto_Tracker.xcdatamodeld in Sources */ = {isa = PBXBuildFile; fileRef = 280CAA5228FAA1E800F7E936 /* Crypto_Tracker.xcdatamodeld */; };
		280CAA5628FAA1F000F7E936 /* Assets.xcassets in Resources */ = {isa = PBXBuildFile; fileRef = 280CAA5528FAA1F000F7E936 /* Assets.xcassets */; };
		280CAA5928FAA1F000F7E936 /* LaunchScreen.storyboard in Resources */ = {isa = PBXBuildFile; fileRef = 280CAA5728FAA1F000F7E936 /* LaunchScreen.storyboard */; };
		280CAA6228FAA35600F7E936 /* SnapKit in Frameworks */ = {isa = PBXBuildFile; productRef = 280CAA6128FAA35600F7E936 /* SnapKit */; };
		280CAA6828FDD6B000F7E936 /* AddViewController.swift in Sources */ = {isa = PBXBuildFile; fileRef = 280CAA6728FDD6B000F7E936 /* AddViewController.swift */; };
		280CAA6A28FDD6C600F7E936 /* SettingsViewController.swift in Sources */ = {isa = PBXBuildFile; fileRef = 280CAA6928FDD6C600F7E936 /* SettingsViewController.swift */; };
		280CAA6D28FDE11C00F7E936 /* StyleConstants.swift in Sources */ = {isa = PBXBuildFile; fileRef = 280CAA6C28FDE11C00F7E936 /* StyleConstants.swift */; };
		280CAA6F28FE890200F7E936 /* CoinTableViewCell.swift in Sources */ = {isa = PBXBuildFile; fileRef = 280CAA6E28FE890200F7E936 /* CoinTableViewCell.swift */; };
		280CAA7428FFE4F200F7E936 /* Charts in Frameworks */ = {isa = PBXBuildFile; productRef = 280CAA7328FFE4F200F7E936 /* Charts */; };
		280CAA772901AC3600F7E936 /* CoinModel.swift in Sources */ = {isa = PBXBuildFile; fileRef = 280CAA762901AC3600F7E936 /* CoinModel.swift */; };
		280CAA7A2901ACAD00F7E936 /* NetworkService.swift in Sources */ = {isa = PBXBuildFile; fileRef = 280CAA792901ACAD00F7E936 /* NetworkService.swift */; };
		280CAA802901AF3400F7E936 /* CoinListModel.swift in Sources */ = {isa = PBXBuildFile; fileRef = 280CAA7F2901AF3400F7E936 /* CoinListModel.swift */; };
		280CAA822901B58E00F7E936 /* RequestError.swift in Sources */ = {isa = PBXBuildFile; fileRef = 280CAA812901B58E00F7E936 /* RequestError.swift */; };
/* End PBXBuildFile section */

/* Begin PBXFileReference section */
		280CAA4628FAA1E800F7E936 /* Crypto Tracker.app */ = {isa = PBXFileReference; explicitFileType = wrapper.application; includeInIndex = 0; path = "Crypto Tracker.app"; sourceTree = BUILT_PRODUCTS_DIR; };
		280CAA4928FAA1E800F7E936 /* AppDelegate.swift */ = {isa = PBXFileReference; lastKnownFileType = sourcecode.swift; path = AppDelegate.swift; sourceTree = "<group>"; };
		280CAA4B28FAA1E800F7E936 /* SceneDelegate.swift */ = {isa = PBXFileReference; lastKnownFileType = sourcecode.swift; path = SceneDelegate.swift; sourceTree = "<group>"; };
		280CAA4D28FAA1E800F7E936 /* HomeViewController.swift */ = {isa = PBXFileReference; lastKnownFileType = sourcecode.swift; path = HomeViewController.swift; sourceTree = "<group>"; };
		280CAA5328FAA1E800F7E936 /* Crypto_Tracker.xcdatamodel */ = {isa = PBXFileReference; lastKnownFileType = wrapper.xcdatamodel; path = Crypto_Tracker.xcdatamodel; sourceTree = "<group>"; };
		280CAA5528FAA1F000F7E936 /* Assets.xcassets */ = {isa = PBXFileReference; lastKnownFileType = folder.assetcatalog; path = Assets.xcassets; sourceTree = "<group>"; };
		280CAA5828FAA1F000F7E936 /* Base */ = {isa = PBXFileReference; lastKnownFileType = file.storyboard; name = Base; path = Base.lproj/LaunchScreen.storyboard; sourceTree = "<group>"; };
		280CAA5A28FAA1F000F7E936 /* Info.plist */ = {isa = PBXFileReference; lastKnownFileType = text.plist.xml; path = Info.plist; sourceTree = "<group>"; };
		280CAA6728FDD6B000F7E936 /* AddViewController.swift */ = {isa = PBXFileReference; lastKnownFileType = sourcecode.swift; path = AddViewController.swift; sourceTree = "<group>"; };
		280CAA6928FDD6C600F7E936 /* SettingsViewController.swift */ = {isa = PBXFileReference; lastKnownFileType = sourcecode.swift; path = SettingsViewController.swift; sourceTree = "<group>"; };
		280CAA6C28FDE11C00F7E936 /* StyleConstants.swift */ = {isa = PBXFileReference; lastKnownFileType = sourcecode.swift; path = StyleConstants.swift; sourceTree = "<group>"; };
		280CAA6E28FE890200F7E936 /* CoinTableViewCell.swift */ = {isa = PBXFileReference; lastKnownFileType = sourcecode.swift; path = CoinTableViewCell.swift; sourceTree = "<group>"; };
		280CAA762901AC3600F7E936 /* CoinModel.swift */ = {isa = PBXFileReference; lastKnownFileType = sourcecode.swift; path = CoinModel.swift; sourceTree = "<group>"; };
		280CAA792901ACAD00F7E936 /* NetworkService.swift */ = {isa = PBXFileReference; lastKnownFileType = sourcecode.swift; path = NetworkService.swift; sourceTree = "<group>"; };
		280CAA7F2901AF3400F7E936 /* CoinListModel.swift */ = {isa = PBXFileReference; lastKnownFileType = sourcecode.swift; path = CoinListModel.swift; sourceTree = "<group>"; };
		280CAA812901B58E00F7E936 /* RequestError.swift */ = {isa = PBXFileReference; lastKnownFileType = sourcecode.swift; path = RequestError.swift; sourceTree = "<group>"; };
/* End PBXFileReference section */

/* Begin PBXFrameworksBuildPhase section */
		280CAA4328FAA1E800F7E936 /* Frameworks */ = {
			isa = PBXFrameworksBuildPhase;
			buildActionMask = 2147483647;
			files = (
				280CAA6228FAA35600F7E936 /* SnapKit in Frameworks */,
				280CAA7428FFE4F200F7E936 /* Charts in Frameworks */,
			);
			runOnlyForDeploymentPostprocessing = 0;
		};
/* End PBXFrameworksBuildPhase section */

/* Begin PBXGroup section */
		280CAA3D28FAA1E800F7E936 = {
			isa = PBXGroup;
			children = (
				280CAA4828FAA1E800F7E936 /* Crypto Tracker */,
				280CAA4728FAA1E800F7E936 /* Products */,
			);
			sourceTree = "<group>";
		};
		280CAA4728FAA1E800F7E936 /* Products */ = {
			isa = PBXGroup;
			children = (
				280CAA4628FAA1E800F7E936 /* Crypto Tracker.app */,
			);
			name = Products;
			sourceTree = "<group>";
		};
		280CAA4828FAA1E800F7E936 /* Crypto Tracker */ = {
			isa = PBXGroup;
			children = (
				280CAA782901AC9000F7E936 /* Network */,
				280CAA752901AC2000F7E936 /* Model */,
				280CAA6B28FDE0FE00F7E936 /* Style */,
				280CAA6328FDD61000F7E936 /* View Controllers */,
				280CAA4928FAA1E800F7E936 /* AppDelegate.swift */,
				280CAA4B28FAA1E800F7E936 /* SceneDelegate.swift */,
				280CAA5528FAA1F000F7E936 /* Assets.xcassets */,
				280CAA5728FAA1F000F7E936 /* LaunchScreen.storyboard */,
				280CAA5A28FAA1F000F7E936 /* Info.plist */,
				280CAA5228FAA1E800F7E936 /* Crypto_Tracker.xcdatamodeld */,
			);
			path = "Crypto Tracker";
			sourceTree = "<group>";
		};
		280CAA6328FDD61000F7E936 /* View Controllers */ = {
			isa = PBXGroup;
			children = (
				280CAA6428FDD62900F7E936 /* HomeViewController */,
				280CAA6628FDD68600F7E936 /* AddViewController */,
				280CAA6528FDD65100F7E936 /* SettingsViewController */,
			);
			path = "View Controllers";
			sourceTree = "<group>";
		};
		280CAA6428FDD62900F7E936 /* HomeViewController */ = {
			isa = PBXGroup;
			children = (
				280CAA4D28FAA1E800F7E936 /* HomeViewController.swift */,
				280CAA6E28FE890200F7E936 /* CoinTableViewCell.swift */,
			);
			path = HomeViewController;
			sourceTree = "<group>";
		};
		280CAA6528FDD65100F7E936 /* SettingsViewController */ = {
			isa = PBXGroup;
			children = (
				280CAA6928FDD6C600F7E936 /* SettingsViewController.swift */,
			);
			path = SettingsViewController;
			sourceTree = "<group>";
		};
		280CAA6628FDD68600F7E936 /* AddViewController */ = {
			isa = PBXGroup;
			children = (
				280CAA6728FDD6B000F7E936 /* AddViewController.swift */,
			);
			path = AddViewController;
			sourceTree = "<group>";
		};
		280CAA6B28FDE0FE00F7E936 /* Style */ = {
			isa = PBXGroup;
			children = (
				280CAA6C28FDE11C00F7E936 /* StyleConstants.swift */,
			);
			path = Style;
			sourceTree = "<group>";
		};
		280CAA752901AC2000F7E936 /* Model */ = {
			isa = PBXGroup;
			children = (
				280CAA762901AC3600F7E936 /* CoinModel.swift */,
				280CAA7F2901AF3400F7E936 /* CoinListModel.swift */,
			);
			path = Model;
			sourceTree = "<group>";
		};
		280CAA782901AC9000F7E936 /* Network */ = {
			isa = PBXGroup;
			children = (
				280CAA792901ACAD00F7E936 /* NetworkService.swift */,
				280CAA812901B58E00F7E936 /* RequestError.swift */,
			);
			path = Network;
			sourceTree = "<group>";
		};
/* End PBXGroup section */

/* Begin PBXNativeTarget section */
		280CAA4528FAA1E800F7E936 /* Crypto Tracker */ = {
			isa = PBXNativeTarget;
			buildConfigurationList = 280CAA5D28FAA1F000F7E936 /* Build configuration list for PBXNativeTarget "Crypto Tracker" */;
			buildPhases = (
				280CAA4228FAA1E800F7E936 /* Sources */,
				280CAA4328FAA1E800F7E936 /* Frameworks */,
				280CAA4428FAA1E800F7E936 /* Resources */,
			);
			buildRules = (
			);
			dependencies = (
			);
			name = "Crypto Tracker";
			packageProductDependencies = (
				280CAA6128FAA35600F7E936 /* SnapKit */,
				280CAA7328FFE4F200F7E936 /* Charts */,
			);
			productName = "Crypto Tracker";
			productReference = 280CAA4628FAA1E800F7E936 /* Crypto Tracker.app */;
			productType = "com.apple.product-type.application";
		};
/* End PBXNativeTarget section */

/* Begin PBXProject section */
		280CAA3E28FAA1E800F7E936 /* Project object */ = {
			isa = PBXProject;
			attributes = {
				BuildIndependentTargetsInParallel = 1;
				LastSwiftUpdateCheck = 1320;
				LastUpgradeCheck = 1320;
				TargetAttributes = {
					280CAA4528FAA1E800F7E936 = {
						CreatedOnToolsVersion = 13.2.1;
					};
				};
			};
			buildConfigurationList = 280CAA4128FAA1E800F7E936 /* Build configuration list for PBXProject "Crypto Tracker" */;
			compatibilityVersion = "Xcode 13.0";
			developmentRegion = en;
			hasScannedForEncodings = 0;
			knownRegions = (
				en,
				Base,
			);
			mainGroup = 280CAA3D28FAA1E800F7E936;
			packageReferences = (
				280CAA6028FAA35600F7E936 /* XCRemoteSwiftPackageReference "SnapKit" */,
				280CAA7228FFE4F200F7E936 /* XCRemoteSwiftPackageReference "Charts" */,
			);
			productRefGroup = 280CAA4728FAA1E800F7E936 /* Products */;
			projectDirPath = "";
			projectRoot = "";
			targets = (
				280CAA4528FAA1E800F7E936 /* Crypto Tracker */,
			);
		};
/* End PBXProject section */

/* Begin PBXResourcesBuildPhase section */
		280CAA4428FAA1E800F7E936 /* Resources */ = {
			isa = PBXResourcesBuildPhase;
			buildActionMask = 2147483647;
			files = (
				280CAA5928FAA1F000F7E936 /* LaunchScreen.storyboard in Resources */,
				280CAA5628FAA1F000F7E936 /* Assets.xcassets in Resources */,
			);
			runOnlyForDeploymentPostprocessing = 0;
		};
/* End PBXResourcesBuildPhase section */

/* Begin PBXSourcesBuildPhase section */
		280CAA4228FAA1E800F7E936 /* Sources */ = {
			isa = PBXSourcesBuildPhase;
			buildActionMask = 2147483647;
			files = (
				280CAA7A2901ACAD00F7E936 /* NetworkService.swift in Sources */,
				280CAA6828FDD6B000F7E936 /* AddViewController.swift in Sources */,
				280CAA802901AF3400F7E936 /* CoinListModel.swift in Sources */,
				280CAA6D28FDE11C00F7E936 /* StyleConstants.swift in Sources */,
				280CAA4E28FAA1E800F7E936 /* HomeViewController.swift in Sources */,
				280CAA4A28FAA1E800F7E936 /* AppDelegate.swift in Sources */,
				280CAA4C28FAA1E800F7E936 /* SceneDelegate.swift in Sources */,
				280CAA5428FAA1E800F7E936 /* Crypto_Tracker.xcdatamodeld in Sources */,
				280CAA822901B58E00F7E936 /* RequestError.swift in Sources */,
				280CAA6F28FE890200F7E936 /* CoinTableViewCell.swift in Sources */,
				280CAA772901AC3600F7E936 /* CoinModel.swift in Sources */,
				280CAA6A28FDD6C600F7E936 /* SettingsViewController.swift in Sources */,
			);
			runOnlyForDeploymentPostprocessing = 0;
		};
/* End PBXSourcesBuildPhase section */

/* Begin PBXVariantGroup section */
		280CAA5728FAA1F000F7E936 /* LaunchScreen.storyboard */ = {
			isa = PBXVariantGroup;
			children = (
				280CAA5828FAA1F000F7E936 /* Base */,
			);
			name = LaunchScreen.storyboard;
			sourceTree = "<group>";
		};
/* End PBXVariantGroup section */

/* Begin XCBuildConfiguration section */
		280CAA5B28FAA1F000F7E936 /* Debug */ = {
			isa = XCBuildConfiguration;
			buildSettings = {
				ALWAYS_SEARCH_USER_PATHS = NO;
				CLANG_ANALYZER_NONNULL = YES;
				CLANG_ANALYZER_NUMBER_OBJECT_CONVERSION = YES_AGGRESSIVE;
				CLANG_CXX_LANGUAGE_STANDARD = "gnu++17";
				CLANG_CXX_LIBRARY = "libc++";
				CLANG_ENABLE_MODULES = YES;
				CLANG_ENABLE_OBJC_ARC = YES;
				CLANG_ENABLE_OBJC_WEAK = YES;
				CLANG_WARN_BLOCK_CAPTURE_AUTORELEASING = YES;
				CLANG_WARN_BOOL_CONVERSION = YES;
				CLANG_WARN_COMMA = YES;
				CLANG_WARN_CONSTANT_CONVERSION = YES;
				CLANG_WARN_DEPRECATED_OBJC_IMPLEMENTATIONS = YES;
				CLANG_WARN_DIRECT_OBJC_ISA_USAGE = YES_ERROR;
				CLANG_WARN_DOCUMENTATION_COMMENTS = YES;
				CLANG_WARN_EMPTY_BODY = YES;
				CLANG_WARN_ENUM_CONVERSION = YES;
				CLANG_WARN_INFINITE_RECURSION = YES;
				CLANG_WARN_INT_CONVERSION = YES;
				CLANG_WARN_NON_LITERAL_NULL_CONVERSION = YES;
				CLANG_WARN_OBJC_IMPLICIT_RETAIN_SELF = YES;
				CLANG_WARN_OBJC_LITERAL_CONVERSION = YES;
				CLANG_WARN_OBJC_ROOT_CLASS = YES_ERROR;
				CLANG_WARN_QUOTED_INCLUDE_IN_FRAMEWORK_HEADER = YES;
				CLANG_WARN_RANGE_LOOP_ANALYSIS = YES;
				CLANG_WARN_STRICT_PROTOTYPES = YES;
				CLANG_WARN_SUSPICIOUS_MOVE = YES;
				CLANG_WARN_UNGUARDED_AVAILABILITY = YES_AGGRESSIVE;
				CLANG_WARN_UNREACHABLE_CODE = YES;
				CLANG_WARN__DUPLICATE_METHOD_MATCH = YES;
				COPY_PHASE_STRIP = NO;
				DEBUG_INFORMATION_FORMAT = dwarf;
				ENABLE_STRICT_OBJC_MSGSEND = YES;
				ENABLE_TESTABILITY = YES;
				GCC_C_LANGUAGE_STANDARD = gnu11;
				GCC_DYNAMIC_NO_PIC = NO;
				GCC_NO_COMMON_BLOCKS = YES;
				GCC_OPTIMIZATION_LEVEL = 0;
				GCC_PREPROCESSOR_DEFINITIONS = (
					"DEBUG=1",
					"$(inherited)",
				);
				GCC_WARN_64_TO_32_BIT_CONVERSION = YES;
				GCC_WARN_ABOUT_RETURN_TYPE = YES_ERROR;
				GCC_WARN_UNDECLARED_SELECTOR = YES;
				GCC_WARN_UNINITIALIZED_AUTOS = YES_AGGRESSIVE;
				GCC_WARN_UNUSED_FUNCTION = YES;
				GCC_WARN_UNUSED_VARIABLE = YES;
				IPHONEOS_DEPLOYMENT_TARGET = 15.2;
				MTL_ENABLE_DEBUG_INFO = INCLUDE_SOURCE;
				MTL_FAST_MATH = YES;
				ONLY_ACTIVE_ARCH = YES;
				SDKROOT = iphoneos;
				SWIFT_ACTIVE_COMPILATION_CONDITIONS = DEBUG;
				SWIFT_OPTIMIZATION_LEVEL = "-Onone";
			};
			name = Debug;
		};
		280CAA5C28FAA1F000F7E936 /* Release */ = {
			isa = XCBuildConfiguration;
			buildSettings = {
				ALWAYS_SEARCH_USER_PATHS = NO;
				CLANG_ANALYZER_NONNULL = YES;
				CLANG_ANALYZER_NUMBER_OBJECT_CONVERSION = YES_AGGRESSIVE;
				CLANG_CXX_LANGUAGE_STANDARD = "gnu++17";
				CLANG_CXX_LIBRARY = "libc++";
				CLANG_ENABLE_MODULES = YES;
				CLANG_ENABLE_OBJC_ARC = YES;
				CLANG_ENABLE_OBJC_WEAK = YES;
				CLANG_WARN_BLOCK_CAPTURE_AUTORELEASING = YES;
				CLANG_WARN_BOOL_CONVERSION = YES;
				CLANG_WARN_COMMA = YES;
				CLANG_WARN_CONSTANT_CONVERSION = YES;
				CLANG_WARN_DEPRECATED_OBJC_IMPLEMENTATIONS = YES;
				CLANG_WARN_DIRECT_OBJC_ISA_USAGE = YES_ERROR;
				CLANG_WARN_DOCUMENTATION_COMMENTS = YES;
				CLANG_WARN_EMPTY_BODY = YES;
				CLANG_WARN_ENUM_CONVERSION = YES;
				CLANG_WARN_INFINITE_RECURSION = YES;
				CLANG_WARN_INT_CONVERSION = YES;
				CLANG_WARN_NON_LITERAL_NULL_CONVERSION = YES;
				CLANG_WARN_OBJC_IMPLICIT_RETAIN_SELF = YES;
				CLANG_WARN_OBJC_LITERAL_CONVERSION = YES;
				CLANG_WARN_OBJC_ROOT_CLASS = YES_ERROR;
				CLANG_WARN_QUOTED_INCLUDE_IN_FRAMEWORK_HEADER = YES;
				CLANG_WARN_RANGE_LOOP_ANALYSIS = YES;
				CLANG_WARN_STRICT_PROTOTYPES = YES;
				CLANG_WARN_SUSPICIOUS_MOVE = YES;
				CLANG_WARN_UNGUARDED_AVAILABILITY = YES_AGGRESSIVE;
				CLANG_WARN_UNREACHABLE_CODE = YES;
				CLANG_WARN__DUPLICATE_METHOD_MATCH = YES;
				COPY_PHASE_STRIP = NO;
				DEBUG_INFORMATION_FORMAT = "dwarf-with-dsym";
				ENABLE_NS_ASSERTIONS = NO;
				ENABLE_STRICT_OBJC_MSGSEND = YES;
				GCC_C_LANGUAGE_STANDARD = gnu11;
				GCC_NO_COMMON_BLOCKS = YES;
				GCC_WARN_64_TO_32_BIT_CONVERSION = YES;
				GCC_WARN_ABOUT_RETURN_TYPE = YES_ERROR;
				GCC_WARN_UNDECLARED_SELECTOR = YES;
				GCC_WARN_UNINITIALIZED_AUTOS = YES_AGGRESSIVE;
				GCC_WARN_UNUSED_FUNCTION = YES;
				GCC_WARN_UNUSED_VARIABLE = YES;
				IPHONEOS_DEPLOYMENT_TARGET = 15.2;
				MTL_ENABLE_DEBUG_INFO = NO;
				MTL_FAST_MATH = YES;
				SDKROOT = iphoneos;
				SWIFT_COMPILATION_MODE = wholemodule;
				SWIFT_OPTIMIZATION_LEVEL = "-O";
				VALIDATE_PRODUCT = YES;
			};
			name = Release;
		};
		280CAA5E28FAA1F000F7E936 /* Debug */ = {
			isa = XCBuildConfiguration;
			buildSettings = {
				ASSETCATALOG_COMPILER_APPICON_NAME = AppIcon;
				ASSETCATALOG_COMPILER_GLOBAL_ACCENT_COLOR_NAME = AccentColor;
				CODE_SIGN_STYLE = Automatic;
				CURRENT_PROJECT_VERSION = 1;
				GENERATE_INFOPLIST_FILE = YES;
				INFOPLIST_FILE = "Crypto Tracker/Info.plist";
				INFOPLIST_KEY_UIApplicationSupportsIndirectInputEvents = YES;
				INFOPLIST_KEY_UILaunchStoryboardName = LaunchScreen;
				INFOPLIST_KEY_UISupportedInterfaceOrientations_iPad = "UIInterfaceOrientationPortrait UIInterfaceOrientationPortraitUpsideDown UIInterfaceOrientationLandscapeLeft UIInterfaceOrientationLandscapeRight";
				INFOPLIST_KEY_UISupportedInterfaceOrientations_iPhone = "UIInterfaceOrientationPortrait UIInterfaceOrientationLandscapeLeft UIInterfaceOrientationLandscapeRight";
				LD_RUNPATH_SEARCH_PATHS = (
					"$(inherited)",
					"@executable_path/Frameworks",
				);
				MARKETING_VERSION = 1.0;
				PRODUCT_BUNDLE_IDENTIFIER = "hr.fer.mikulic.jurica.Crypto-Tracker";
				PRODUCT_NAME = "$(TARGET_NAME)";
				SWIFT_EMIT_LOC_STRINGS = YES;
				SWIFT_VERSION = 5.0;
				TARGETED_DEVICE_FAMILY = "1,2";
			};
			name = Debug;
		};
		280CAA5F28FAA1F000F7E936 /* Release */ = {
			isa = XCBuildConfiguration;
			buildSettings = {
				ASSETCATALOG_COMPILER_APPICON_NAME = AppIcon;
				ASSETCATALOG_COMPILER_GLOBAL_ACCENT_COLOR_NAME = AccentColor;
				CODE_SIGN_STYLE = Automatic;
				CURRENT_PROJECT_VERSION = 1;
				GENERATE_INFOPLIST_FILE = YES;
				INFOPLIST_FILE = "Crypto Tracker/Info.plist";
				INFOPLIST_KEY_UIApplicationSupportsIndirectInputEvents = YES;
				INFOPLIST_KEY_UILaunchStoryboardName = LaunchScreen;
				INFOPLIST_KEY_UISupportedInterfaceOrientations_iPad = "UIInterfaceOrientationPortrait UIInterfaceOrientationPortraitUpsideDown UIInterfaceOrientationLandscapeLeft UIInterfaceOrientationLandscapeRight";
				INFOPLIST_KEY_UISupportedInterfaceOrientations_iPhone = "UIInterfaceOrientationPortrait UIInterfaceOrientationLandscapeLeft UIInterfaceOrientationLandscapeRight";
				LD_RUNPATH_SEARCH_PATHS = (
					"$(inherited)",
					"@executable_path/Frameworks",
				);
				MARKETING_VERSION = 1.0;
				PRODUCT_BUNDLE_IDENTIFIER = "hr.fer.mikulic.jurica.Crypto-Tracker";
				PRODUCT_NAME = "$(TARGET_NAME)";
				SWIFT_EMIT_LOC_STRINGS = YES;
				SWIFT_VERSION = 5.0;
				TARGETED_DEVICE_FAMILY = "1,2";
			};
			name = Release;
		};
/* End XCBuildConfiguration section */

/* Begin XCConfigurationList section */
		280CAA4128FAA1E800F7E936 /* Build configuration list for PBXProject "Crypto Tracker" */ = {
			isa = XCConfigurationList;
			buildConfigurations = (
				280CAA5B28FAA1F000F7E936 /* Debug */,
				280CAA5C28FAA1F000F7E936 /* Release */,
			);
			defaultConfigurationIsVisible = 0;
			defaultConfigurationName = Release;
		};
		280CAA5D28FAA1F000F7E936 /* Build configuration list for PBXNativeTarget "Crypto Tracker" */ = {
			isa = XCConfigurationList;
			buildConfigurations = (
				280CAA5E28FAA1F000F7E936 /* Debug */,
				280CAA5F28FAA1F000F7E936 /* Release */,
			);
			defaultConfigurationIsVisible = 0;
			defaultConfigurationName = Release;
		};
/* End XCConfigurationList section */

/* Begin XCRemoteSwiftPackageReference section */
		280CAA6028FAA35600F7E936 /* XCRemoteSwiftPackageReference "SnapKit" */ = {
			isa = XCRemoteSwiftPackageReference;
			repositoryURL = "https://github.com/SnapKit/SnapKit.git";
			requirement = {
				branch = develop;
				kind = branch;
			};
		};
		280CAA7228FFE4F200F7E936 /* XCRemoteSwiftPackageReference "Charts" */ = {
			isa = XCRemoteSwiftPackageReference;
			repositoryURL = "https://github.com/danielgindi/Charts";
			requirement = {
				kind = upToNextMajorVersion;
				minimumVersion = 3.0.0;
			};
		};
/* End XCRemoteSwiftPackageReference section */

/* Begin XCSwiftPackageProductDependency section */
		280CAA6128FAA35600F7E936 /* SnapKit */ = {
			isa = XCSwiftPackageProductDependency;
			package = 280CAA6028FAA35600F7E936 /* XCRemoteSwiftPackageReference "SnapKit" */;
			productName = SnapKit;
		};
		280CAA7328FFE4F200F7E936 /* Charts */ = {
			isa = XCSwiftPackageProductDependency;
			package = 280CAA7228FFE4F200F7E936 /* XCRemoteSwiftPackageReference "Charts" */;
			productName = Charts;
		};
/* End XCSwiftPackageProductDependency section */

/* Begin XCVersionGroup section */
		280CAA5228FAA1E800F7E936 /* Crypto_Tracker.xcdatamodeld */ = {
			isa = XCVersionGroup;
			children = (
				280CAA5328FAA1E800F7E936 /* Crypto_Tracker.xcdatamodel */,
			);
			currentVersion = 280CAA5328FAA1E800F7E936 /* Crypto_Tracker.xcdatamodel */;
			path = Crypto_Tracker.xcdatamodeld;
			sourceTree = "<group>";
			versionGroupType = wrapper.xcdatamodel;
		};
/* End XCVersionGroup section */
	};
	rootObject = 280CAA3E28FAA1E800F7E936 /* Project object */;
}
